
Microsoft Visual Studio Solution File, Format Version 12.00
# Visual Studio Version 17
VisualStudioVersion = 17.11.35312.102
MinimumVisualStudioVersion = 10.0.40219.1
Project("{9A19103F-16F7-4668-BE54-9A1E7A4F7556}") = "GestaoPedidosBlazorApp", "GestaoPedidosBlazorApp\GestaoPedidosBlazorApp\GestaoPedidosBlazorApp.csproj", "{12DDA296-E56A-46EE-9A47-D42B542EEB91}"
EndProject
Project("{9A19103F-16F7-4668-BE54-9A1E7A4F7556}") = "GestaoPedidosBlazorApp.Client", "GestaoPedidosBlazorApp\GestaoPedidosBlazorApp.Client\GestaoPedidosBlazorApp.Client.csproj", "{DF9429F9-BFBB-4646-9C1A-1C7B4C7F35F5}"
EndProject
Global
	GlobalSection(SolutionConfigurationPlatforms) = preSolution
		Debug|Any CPU = Debug|Any CPU
		Release|Any CPU = Release|Any CPU
	EndGlobalSection
	GlobalSection(ProjectConfigurationPlatforms) = postSolution
		{12DDA296-E56A-46EE-9A47-D42B542EEB91}.Debug|Any CPU.ActiveCfg = Debug|Any CPU
		{12DDA296-E56A-46EE-9A47-D42B542EEB91}.Debug|Any CPU.Build.0 = Debug|Any CPU
		{12DDA296-E56A-46EE-9A47-D42B542EEB91}.Release|Any CPU.ActiveCfg = Release|Any CPU
		{12DDA296-E56A-46EE-9A47-D42B542EEB91}.Release|Any CPU.Build.0 = Release|Any CPU
		{DF9429F9-BFBB-4646-9C1A-1C7B4C7F35F5}.Debug|Any CPU.ActiveCfg = Debug|Any CPU
		{DF9429F9-BFBB-4646-9C1A-1C7B4C7F35F5}.Debug|Any CPU.Build.0 = Debug|Any CPU
		{DF9429F9-BFBB-4646-9C1A-1C7B4C7F35F5}.Release|Any CPU.ActiveCfg = Release|Any CPU
		{DF9429F9-BFBB-4646-9C1A-1C7B4C7F35F5}.Release|Any CPU.Build.0 = Release|Any CPU
	EndGlobalSection
	GlobalSection(SolutionProperties) = preSolution
		HideSolutionNode = FALSE
	EndGlobalSection
	GlobalSection(ExtensibilityGlobals) = postSolution
		SolutionGuid = {12208DAB-D02A-4458-83ED-D37FC0CF474A}
	EndGlobalSection
EndGlobal
